
Microsoft Visual Studio Solution File, Format Version 12.00
# Visual Studio Version 17
VisualStudioVersion = 17.6.33717.318
MinimumVisualStudioVersion = 10.0.40219.1
Project("{9A19103F-16F7-4668-BE54-9A1E7A4F7556}") = "Libro.Business", "Libro.Business\Libro.Business.csproj", "{2CEF7FD1-D99A-4C6E-83ED-A432DD9AF8A4}"
EndProject
Project("{9A19103F-16F7-4668-BE54-9A1E7A4F7556}") = "Libro.DataAccess", "Libro.DataAccess\Libro.DataAccess.csproj", "{D0515E32-B7EE-4928-A394-C7CB37DDE0F9}"
EndProject
Project("{9A19103F-16F7-4668-BE54-9A1E7A4F7556}") = "Libro.Infrastructure", "Libro.Infrastructure\Libro.Infrastructure.csproj", "{8422CBEE-D7BD-481E-BD53-F97956317F5D}"
EndProject
Project("{9A19103F-16F7-4668-BE54-9A1E7A4F7556}") = "Libro.Presentation", "Libro.Presentation\Libro.Presentation.csproj", "{993C0933-37B5-459E-B35B-41022C6345E8}"
EndProject
Project("{2150E333-8FDC-42A3-9474-1A3956D46DE8}") = "Solution Items", "Solution Items", "{EEDAFC17-1001-4D6A-B0A6-AA00219E4B7A}"
	ProjectSection(SolutionItems) = preProject
		.editorconfig = .editorconfig
	EndProjectSection
EndProject
Global
	GlobalSection(SolutionConfigurationPlatforms) = preSolution
		Debug|Any CPU = Debug|Any CPU
		Release|Any CPU = Release|Any CPU
	EndGlobalSection
	GlobalSection(ProjectConfigurationPlatforms) = postSolution
		{2CEF7FD1-D99A-4C6E-83ED-A432DD9AF8A4}.Debug|Any CPU.ActiveCfg = Debug|Any CPU
		{2CEF7FD1-D99A-4C6E-83ED-A432DD9AF8A4}.Debug|Any CPU.Build.0 = Debug|Any CPU
		{2CEF7FD1-D99A-4C6E-83ED-A432DD9AF8A4}.Release|Any CPU.ActiveCfg = Release|Any CPU
		{2CEF7FD1-D99A-4C6E-83ED-A432DD9AF8A4}.Release|Any CPU.Build.0 = Release|Any CPU
		{D0515E32-B7EE-4928-A394-C7CB37DDE0F9}.Debug|Any CPU.ActiveCfg = Debug|Any CPU
		{D0515E32-B7EE-4928-A394-C7CB37DDE0F9}.Debug|Any CPU.Build.0 = Debug|Any CPU
		{D0515E32-B7EE-4928-A394-C7CB37DDE0F9}.Release|Any CPU.ActiveCfg = Release|Any CPU
		{D0515E32-B7EE-4928-A394-C7CB37DDE0F9}.Release|Any CPU.Build.0 = Release|Any CPU
		{8422CBEE-D7BD-481E-BD53-F97956317F5D}.Debug|Any CPU.ActiveCfg = Debug|Any CPU
		{8422CBEE-D7BD-481E-BD53-F97956317F5D}.Debug|Any CPU.Build.0 = Debug|Any CPU
		{8422CBEE-D7BD-481E-BD53-F97956317F5D}.Release|Any CPU.ActiveCfg = Release|Any CPU
		{8422CBEE-D7BD-481E-BD53-F97956317F5D}.Release|Any CPU.Build.0 = Release|Any CPU
		{993C0933-37B5-459E-B35B-41022C6345E8}.Debug|Any CPU.ActiveCfg = Debug|Any CPU
		{993C0933-37B5-459E-B35B-41022C6345E8}.Debug|Any CPU.Build.0 = Debug|Any CPU
		{993C0933-37B5-459E-B35B-41022C6345E8}.Release|Any CPU.ActiveCfg = Release|Any CPU
		{993C0933-37B5-459E-B35B-41022C6345E8}.Release|Any CPU.Build.0 = Release|Any CPU
	EndGlobalSection
	GlobalSection(SolutionProperties) = preSolution
		HideSolutionNode = FALSE
	EndGlobalSection
	GlobalSection(ExtensibilityGlobals) = postSolution
		SolutionGuid = {5B044250-32C2-486B-897D-086D4A0EE834}
	EndGlobalSection
EndGlobal
